# This file is automatically @generated by Poetry 1.7.1 and should not be changed by hand.

[[package]]
name = "atomicwrites"
version = "1.4.1"
description = "Atomic file writes."
optional = false
python-versions = ">=2.7, !=3.0.*, !=3.1.*, !=3.2.*, !=3.3.*"
files = [
    {file = "atomicwrites-1.4.1.tar.gz", hash = "sha256:81b2c9071a49367a7f770170e5eec8cb66567cfbbc8c73d20ce5ca4a8d71cf11"},
]

[[package]]
name = "attrs"
version = "21.4.0"
description = "Classes Without Boilerplate"
optional = false
python-versions = ">=2.7, !=3.0.*, !=3.1.*, !=3.2.*, !=3.3.*, !=3.4.*"
files = [
    {file = "attrs-21.4.0-py2.py3-none-any.whl", hash = "sha256:2d27e3784d7a565d36ab851fe94887c5eccd6a463168875832a1be79c82828b4"},
    {file = "attrs-21.4.0.tar.gz", hash = "sha256:626ba8234211db98e869df76230a137c4c40a12d72445c45d5f5b716f076e2fd"},
]

[package.extras]
dev = ["cloudpickle", "coverage[toml] (>=5.0.2)", "furo", "hypothesis", "mypy", "pre-commit", "pympler", "pytest (>=4.3.0)", "pytest-mypy-plugins", "six", "sphinx", "sphinx-notfound-page", "zope.interface"]
docs = ["furo", "sphinx", "sphinx-notfound-page", "zope.interface"]
tests = ["cloudpickle", "coverage[toml] (>=5.0.2)", "hypothesis", "mypy", "pympler", "pytest (>=4.3.0)", "pytest-mypy-plugins", "six", "zope.interface"]
tests-no-zope = ["cloudpickle", "coverage[toml] (>=5.0.2)", "hypothesis", "mypy", "pympler", "pytest (>=4.3.0)", "pytest-mypy-plugins", "six"]

[[package]]
name = "colorama"
version = "0.4.5"
description = "Cross-platform colored terminal text."
optional = false
python-versions = ">=2.7, !=3.0.*, !=3.1.*, !=3.2.*, !=3.3.*, !=3.4.*"
files = [
    {file = "colorama-0.4.5-py2.py3-none-any.whl", hash = "sha256:854bf444933e37f5824ae7bfc1e98d5bce2ebe4160d46b5edf346a89358e99da"},
    {file = "colorama-0.4.5.tar.gz", hash = "sha256:e6c6b4334fc50988a639d9b98aa429a0b57da6e17b9a44f0451f930b6967b7a4"},
]

[[package]]
name = "more-itertools"
version = "8.13.0"
description = "More routines for operating on iterables, beyond itertools"
optional = false
python-versions = ">=3.5"
files = [
    {file = "more-itertools-8.13.0.tar.gz", hash = "sha256:a42901a0a5b169d925f6f217cd5a190e32ef54360905b9c39ee7db5313bfec0f"},
    {file = "more_itertools-8.13.0-py3-none-any.whl", hash = "sha256:c5122bffc5f104d37c1626b8615b511f3427aa5389b94d61e5ef8236bfbc3ddb"},
]

[[package]]
name = "packaging"
version = "21.3"
description = "Core utilities for Python packages"
optional = false
python-versions = ">=3.6"
files = [
    {file = "packaging-21.3-py3-none-any.whl", hash = "sha256:ef103e05f519cdc783ae24ea4e2e0f508a9c99b2d4969652eed6a2e1ea5bd522"},
    {file = "packaging-21.3.tar.gz", hash = "sha256:dd47c42927d89ab911e606518907cc2d3a1f38bbd026385970643f9c5b8ecfeb"},
]

[package.dependencies]
pyparsing = ">=2.0.2,<3.0.5 || >3.0.5"

[[package]]
name = "pluggy"
version = "0.13.1"
description = "plugin and hook calling mechanisms for python"
optional = false
python-versions = ">=2.7, !=3.0.*, !=3.1.*, !=3.2.*, !=3.3.*"
files = [
    {file = "pluggy-0.13.1-py2.py3-none-any.whl", hash = "sha256:966c145cd83c96502c3c3868f50408687b38434af77734af1e9ca461a4081d2d"},
    {file = "pluggy-0.13.1.tar.gz", hash = "sha256:15b2acde666561e1298d71b523007ed7364de07029219b604cf808bfa1c765b0"},
]

[package.extras]
dev = ["pre-commit", "tox"]

[[package]]
name = "py"
version = "1.11.0"
description = "library with cross-python path, ini-parsing, io, code, log facilities"
optional = false
python-versions = ">=2.7, !=3.0.*, !=3.1.*, !=3.2.*, !=3.3.*, !=3.4.*"
files = [
    {file = "py-1.11.0-py2.py3-none-any.whl", hash = "sha256:607c53218732647dff4acdfcd50cb62615cedf612e72d1724fb1a0cc6405b378"},
    {file = "py-1.11.0.tar.gz", hash = "sha256:51c75c4126074b472f746a24399ad32f6053d1b34b68d2fa41e558e6f4a98719"},
]

[[package]]
name = "pycryptodome"
version = "3.19.1"
description = "Cryptographic library for Python"
optional = false
python-versions = ">=2.7, !=3.0.*, !=3.1.*, !=3.2.*, !=3.3.*, !=3.4.*"
files = [
    {file = "pycryptodome-3.19.1-cp27-cp27m-macosx_10_9_x86_64.whl", hash = "sha256:694020d2ff985cd714381b9da949a21028c24b86f562526186f6af7c7547e986"},
    {file = "pycryptodome-3.19.1-cp27-cp27m-manylinux2010_i686.whl", hash = "sha256:4464b0e8fd5508bff9baf18e6fd4c6548b1ac2ce9862d6965ff6a84ec9cb302a"},
    {file = "pycryptodome-3.19.1-cp27-cp27m-manylinux2010_x86_64.whl", hash = "sha256:420972f9c62978e852c74055d81c354079ce3c3a2213a92c9d7e37bbc63a26e2"},
    {file = "pycryptodome-3.19.1-cp27-cp27m-manylinux_2_17_aarch64.manylinux2014_aarch64.whl", hash = "sha256:c1bc0c49d986a1491d66d2a56570f12e960b12508b7e71f2423f532e28857f36"},
    {file = "pycryptodome-3.19.1-cp27-cp27m-musllinux_1_1_aarch64.whl", hash = "sha256:e038ab77fec0956d7aa989a3c647652937fc142ef41c9382c2ebd13c127d5b4a"},
    {file = "pycryptodome-3.19.1-cp27-cp27m-win32.whl", hash = "sha256:a991f8ffe8dfe708f86690948ae46442eebdd0fff07dc1b605987939a34ec979"},
    {file = "pycryptodome-3.19.1-cp27-cp27m-win_amd64.whl", hash = "sha256:2c16426ef49d9cba018be2340ea986837e1dfa25c2ea181787971654dd49aadd"},
    {file = "pycryptodome-3.19.1-cp27-cp27mu-manylinux2010_i686.whl", hash = "sha256:6d0d2b97758ebf2f36c39060520447c26455acb3bcff309c28b1c816173a6ff5"},
    {file = "pycryptodome-3.19.1-cp27-cp27mu-manylinux2010_x86_64.whl", hash = "sha256:b8b80ff92049fd042177282917d994d344365ab7e8ec2bc03e853d93d2401786"},
    {file = "pycryptodome-3.19.1-cp27-cp27mu-manylinux_2_17_aarch64.manylinux2014_aarch64.whl", hash = "sha256:cd4e7e8bf0fc1ada854688b9b309ee607e2aa85a8b44180f91021a4dd330a928"},
    {file = "pycryptodome-3.19.1-cp27-cp27mu-musllinux_1_1_aarch64.whl", hash = "sha256:8cf5d3d6cf921fa81acd1f632f6cedcc03f5f68fc50c364cd39490ba01d17c49"},
    {file = "pycryptodome-3.19.1-cp35-abi3-macosx_10_9_universal2.whl", hash = "sha256:67939a3adbe637281c611596e44500ff309d547e932c449337649921b17b6297"},
    {file = "pycryptodome-3.19.1-cp35-abi3-macosx_10_9_x86_64.whl", hash = "sha256:11ddf6c9b52116b62223b6a9f4741bc4f62bb265392a4463282f7f34bb287180"},
    {file = "pycryptodome-3.19.1-cp35-abi3-manylinux_2_17_aarch64.manylinux2014_aarch64.whl", hash = "sha256:e3e6f89480616781d2a7f981472d0cdb09b9da9e8196f43c1234eff45c915766"},
    {file = "pycryptodome-3.19.1-cp35-abi3-manylinux_2_17_x86_64.manylinux2014_x86_64.whl", hash = "sha256:27e1efcb68993b7ce5d1d047a46a601d41281bba9f1971e6be4aa27c69ab8065"},
    {file = "pycryptodome-3.19.1-cp35-abi3-manylinux_2_5_i686.manylinux1_i686.manylinux_2_17_i686.manylinux2014_i686.whl", hash = "sha256:1c6273ca5a03b672e504995529b8bae56da0ebb691d8ef141c4aa68f60765700"},
    {file = "pycryptodome-3.19.1-cp35-abi3-musllinux_1_1_aarch64.whl", hash = "sha256:b0bfe61506795877ff974f994397f0c862d037f6f1c0bfc3572195fc00833b96"},
    {file = "pycryptodome-3.19.1-cp35-abi3-musllinux_1_1_i686.whl", hash = "sha256:f34976c5c8eb79e14c7d970fb097482835be8d410a4220f86260695ede4c3e17"},
    {file = "pycryptodome-3.19.1-cp35-abi3-musllinux_1_1_x86_64.whl", hash = "sha256:7c9e222d0976f68d0cf6409cfea896676ddc1d98485d601e9508f90f60e2b0a2"},
    {file = "pycryptodome-3.19.1-cp35-abi3-win32.whl", hash = "sha256:4805e053571140cb37cf153b5c72cd324bb1e3e837cbe590a19f69b6cf85fd03"},
    {file = "pycryptodome-3.19.1-cp35-abi3-win_amd64.whl", hash = "sha256:a470237ee71a1efd63f9becebc0ad84b88ec28e6784a2047684b693f458f41b7"},
    {file = "pycryptodome-3.19.1-pp27-pypy_73-manylinux2010_x86_64.whl", hash = "sha256:ed932eb6c2b1c4391e166e1a562c9d2f020bfff44a0e1b108f67af38b390ea89"},
    {file = "pycryptodome-3.19.1-pp27-pypy_73-win32.whl", hash = "sha256:81e9d23c0316fc1b45d984a44881b220062336bbdc340aa9218e8d0656587934"},
    {file = "pycryptodome-3.19.1-pp310-pypy310_pp73-macosx_10_9_x86_64.whl", hash = "sha256:37e531bf896b70fe302f003d3be5a0a8697737a8d177967da7e23eff60d6483c"},
    {file = "pycryptodome-3.19.1-pp310-pypy310_pp73-manylinux_2_17_x86_64.manylinux2014_x86_64.whl", hash = "sha256:cd4e95b0eb4b28251c825fe7aa941fe077f993e5ca9b855665935b86fbb1cc08"},
    {file = "pycryptodome-3.19.1-pp310-pypy310_pp73-manylinux_2_5_i686.manylinux1_i686.manylinux_2_17_i686.manylinux2014_i686.whl", hash = "sha256:c22c80246c3c880c6950d2a8addf156cee74ec0dc5757d01e8e7067a3c7da015"},
    {file = "pycryptodome-3.19.1-pp310-pypy310_pp73-win_amd64.whl", hash = "sha256:e70f5c839c7798743a948efa2a65d1fe96bb397fe6d7f2bde93d869fe4f0ad69"},
    {file = "pycryptodome-3.19.1-pp39-pypy39_pp73-macosx_10_9_x86_64.whl", hash = "sha256:6c3df3613592ea6afaec900fd7189d23c8c28b75b550254f4bd33fe94acb84b9"},
    {file = "pycryptodome-3.19.1-pp39-pypy39_pp73-manylinux_2_17_x86_64.manylinux2014_x86_64.whl", hash = "sha256:08b445799d571041765e7d5c9ca09c5d3866c2f22eeb0dd4394a4169285184f4"},
    {file = "pycryptodome-3.19.1-pp39-pypy39_pp73-manylinux_2_5_i686.manylinux1_i686.manylinux_2_17_i686.manylinux2014_i686.whl", hash = "sha256:954d156cd50130afd53f8d77f830fe6d5801bd23e97a69d358fed068f433fbfe"},
    {file = "pycryptodome-3.19.1-pp39-pypy39_pp73-win_amd64.whl", hash = "sha256:b7efd46b0b4ac869046e814d83244aeab14ef787f4850644119b1c8b0ec2d637"},
    {file = "pycryptodome-3.19.1.tar.gz", hash = "sha256:8ae0dd1bcfada451c35f9e29a3e5db385caabc190f98e4a80ad02a61098fb776"},
]

[[package]]
name = "pyparsing"
version = "3.0.9"
description = "pyparsing module - Classes and methods to define and execute parsing grammars"
optional = false
python-versions = ">=3.6.8"
files = [
    {file = "pyparsing-3.0.9-py3-none-any.whl", hash = "sha256:5026bae9a10eeaefb61dab2f09052b9f4307d44aee4eda64b309723d8d206bbc"},
    {file = "pyparsing-3.0.9.tar.gz", hash = "sha256:2b020ecf7d21b687f219b71ecad3631f644a47f01403fa1d1036b0c6416d70fb"},
]

[package.extras]
diagrams = ["jinja2", "railroad-diagrams"]

[[package]]
name = "pytest"
version = "5.4.3"
description = "pytest: simple powerful testing with Python"
optional = false
python-versions = ">=3.5"
files = [
    {file = "pytest-5.4.3-py3-none-any.whl", hash = "sha256:5c0db86b698e8f170ba4582a492248919255fcd4c79b1ee64ace34301fb589a1"},
    {file = "pytest-5.4.3.tar.gz", hash = "sha256:7979331bfcba207414f5e1263b5a0f8f521d0f457318836a7355531ed1a4c7d8"},
]

[package.dependencies]
atomicwrites = {version = ">=1.0", markers = "sys_platform == \"win32\""}
attrs = ">=17.4.0"
colorama = {version = "*", markers = "sys_platform == \"win32\""}
more-itertools = ">=4.0.0"
packaging = "*"
pluggy = ">=0.12,<1.0"
py = ">=1.5.0"
wcwidth = "*"

[package.extras]
checkqa-mypy = ["mypy (==v0.761)"]
testing = ["argcomplete", "hypothesis (>=3.56)", "mock", "nose", "requests", "xmlschema"]

[[package]]
name = "tqdm"
version = "4.64.0"
description = "Fast, Extensible Progress Meter"
optional = false
python-versions = "!=3.0.*,!=3.1.*,!=3.2.*,!=3.3.*,>=2.7"
files = [
    {file = "tqdm-4.64.0-py2.py3-none-any.whl", hash = "sha256:74a2cdefe14d11442cedf3ba4e21a3b84ff9a2dbdc6cfae2c34addb2a14a5ea6"},
    {file = "tqdm-4.64.0.tar.gz", hash = "sha256:40be55d30e200777a307a7585aee69e4eabb46b4ec6a4b4a5f2d9f11e7d5408d"},
]

[package.dependencies]
colorama = {version = "*", markers = "platform_system == \"Windows\""}

[package.extras]
dev = ["py-make (>=0.1.0)", "twine", "wheel"]
notebook = ["ipywidgets (>=6)"]
slack = ["slack-sdk"]
telegram = ["requests"]

[[package]]
name = "wcwidth"
version = "0.2.5"
description = "Measures the displayed width of unicode strings in a terminal"
optional = false
python-versions = "*"
files = [
    {file = "wcwidth-0.2.5-py2.py3-none-any.whl", hash = "sha256:beb4802a9cebb9144e99086eff703a642a13d6a0052920003a230f3294bbe784"},
    {file = "wcwidth-0.2.5.tar.gz", hash = "sha256:c4d647b99872929fdb7bdcaa4fbe7f01413ed3d98077df798530e5b04f116c83"},
]

[metadata]
lock-version = "2.0"
python-versions = "^3.8"
content-hash = "2384c83a2b1598dbeed4d04d88018cc19d1e6699e1ce48f025f93ef843e5f299"
