{
  "nodes": {
    "flake-utils": {
      "inputs": {
        "systems": "systems"
      },
      "locked": {
        "lastModified": 1694529238,
        "narHash": "sha256-zsNZZGTGnMOf9YpHKJqMSsa0dXbfmxeoJ7xHlrt+xmY=",
        "owner": "numtide",
        "repo": "flake-utils",
        "rev": "ff7b65b44d01cf9ba6a71320833626af21126384",
        "type": "github"
      },
      "original": {
        "owner": "numtide",
        "repo": "flake-utils",
        "type": "github"
      }
    },
    "flake-utils_2": {
      "inputs": {
        "systems": "systems_2"
      },
      "locked": {
        "lastModified": 1681202837,
        "narHash": "sha256-H+Rh19JDwRtpVPAWp64F+rlEtxUWBAQW28eAi3SRSzg=",
        "owner": "numtide",
        "repo": "flake-utils",
        "rev": "cfacdce06f30d2b68473a46042957675eebb3401",
        "type": "github"
      },
      "original": {
        "owner": "numtide",
        "repo": "flake-utils",
        "type": "github"
      }
    },
    "nixpkgs": {
      "locked": {
        "lastModified": 1695506611,
        "narHash": "sha256-o2hTPMEkqjdS7HWvwYWO6fm91Lq9Ps6lnxCMN5sAZ1A=",
        "owner": "nixos",
        "repo": "nixpkgs",
        "rev": "390a4247e0116a32670288d755224fccda7ca4f9",
        "type": "github"
      },
      "original": {
        "owner": "nixos",
        "repo": "nixpkgs",
        "type": "github"
      }
    },
    "nixpkgs_2": {
      "locked": {
        "lastModified": 1682291304,
        "narHash": "sha256-VkufTQNEclnZ0HnSXxmXC2Qvtj6/3/8SyZfRyL4AllI=",
        "owner": "nixos",
        "repo": "nixpkgs",
        "rev": "b2d51541a37678ad4e870f75326b6e68daf3b3c7",
        "type": "github"
      },
      "original": {
        "owner": "nixos",
        "repo": "nixpkgs",
        "type": "github"
      }
    },
    "nixpkgs_3": {
      "locked": {
        "lastModified": 1680945546,
        "narHash": "sha256-8FuaH5t/aVi/pR1XxnF0qi4WwMYC+YxlfdsA0V+TEuQ=",
        "owner": "nixos",
        "repo": "nixpkgs",
        "rev": "d9f759f2ea8d265d974a6e1259bd510ac5844c5d",
        "type": "github"
      },
      "original": {
        "owner": "nixos",
        "ref": "nixos-unstable",
        "repo": "nixpkgs",
        "type": "github"
      }
    },
    "nixpkgs_4": {
      "locked": {
        "lastModified": 1691654369,
        "narHash": "sha256-gSILTEx1jRaJjwZxRlnu3ZwMn1FVNk80qlwiCX8kmpo=",
        "owner": "nixos",
        "repo": "nixpkgs",
        "rev": "ce5e4a6ef2e59d89a971bc434ca8ca222b9c7f5e",
        "type": "github"
      },
      "original": {
        "owner": "nixos",
        "ref": "nixos-unstable",
        "repo": "nixpkgs",
        "type": "github"
      }
    },
    "root": {
      "inputs": {
        "flake-utils": "flake-utils",
        "nixpkgs": "nixpkgs",
        "sleigh": "sleigh",
        "treefmt-nix": "treefmt-nix_2"
      }
    },
    "sleigh": {
      "inputs": {
        "flake-utils": "flake-utils_2",
        "nixpkgs": "nixpkgs_2",
        "treefmt-nix": "treefmt-nix"
      },
      "locked": {
        "lastModified": 1695507986,
        "narHash": "sha256-JAEMQpV3MW6NPzcKcj9QtPcmrX7gLJDuhCuXxa9KCZw=",
        "owner": "lifting-bits",
        "repo": "sleigh",
        "rev": "c711ddce7b76d6bdca6fc6716cfd8d1fd29a8edb",
        "type": "github"
      },
      "original": {
        "owner": "lifting-bits",
        "ref": "will/nixify",
        "repo": "sleigh",
        "type": "github"
      }
    },
    "systems": {
      "locked": {
        "lastModified": 1681028828,
        "narHash": "sha256-Vy1rq5AaRuLzOxct8nz4T6wlgyUR7zLU309k9mBC768=",
        "owner": "nix-systems",
        "repo": "default",
        "rev": "da67096a3b9bf56a91d16901293e51ba5b49a27e",
        "type": "github"
      },
      "original": {
        "owner": "nix-systems",
        "repo": "default",
        "type": "github"
      }
    },
    "systems_2": {
      "locked": {
        "lastModified": 1681028828,
        "narHash": "sha256-Vy1rq5AaRuLzOxct8nz4T6wlgyUR7zLU309k9mBC768=",
        "owner": "nix-systems",
        "repo": "default",
        "rev": "da67096a3b9bf56a91d16901293e51ba5b49a27e",
        "type": "github"
      },
      "original": {
        "owner": "nix-systems",
        "repo": "default",
        "type": "github"
      }
    },
    "treefmt-nix": {
      "inputs": {
        "nixpkgs": "nixpkgs_3"
      },
      "locked": {
        "lastModified": 1681486253,
        "narHash": "sha256-EjiQZvXQH9tUPCyLC6lQpfGnoq4+kI9v59bDJWPicYo=",
        "owner": "numtide",
        "repo": "treefmt-nix",
        "rev": "b25d1a3c2c7554d0462ab1dfddf2f13128638b90",
        "type": "github"
      },
      "original": {
        "owner": "numtide",
        "repo": "treefmt-nix",
        "type": "github"
      }
    },
    "treefmt-nix_2": {
      "inputs": {
        "nixpkgs": "nixpkgs_4"
      },
      "locked": {
        "lastModified": 1695290086,
        "narHash": "sha256-ol6licpIAzc9oMsEai/9YZhgSMcrnlnD/3ulMLGNKL0=",
        "owner": "numtide",
        "repo": "treefmt-nix",
        "rev": "e951529be2e7c669487de78f5aef8597bbae5fca",
        "type": "github"
      },
      "original": {
        "owner": "numtide",
        "repo": "treefmt-nix",
        "type": "github"
      }
    }
  },
  "root": "root",
  "version": 7
}
